
Microsoft Visual Studio Solution File, Format Version 12.00
# Visual Studio Version 16
VisualStudioVersion = 16.0.29509.3
MinimumVisualStudioVersion = 10.0.40219.1
Project("{8BC9CEB8-8B4A-11D0-8D11-00A0C91BC942}") = "TestConsoleApp", "TestConsoleApp\TestConsoleApp.vcxproj", "{70993E60-B2D9-4A2E-9F31-56F1B35F46B8}"
EndProject
Project("{8BC9CEB8-8B4A-11D0-8D11-00A0C91BC942}") = "Chimera", "Chimera\Chimera.vcxproj", "{BDB7E898-2F81-4410-90C7-0BD4D3212AF8}"
EndProject
Project("{2150E333-8FDC-42A3-9474-1A3956D46DE8}") = "Solution Items", "Solution Items", "{7EE230EC-4789-4E4C-9061-9EEB23360CCB}"
	ProjectSection(SolutionItems) = preProject
		ReadMe.md = ReadMe.md
	EndProjectSection
EndProject
Project("{8BC9CEB8-8B4A-11D0-8D11-00A0C91BC942}") = "Chimera-Test", "Chimera-Test\Chimera-Test.vcxproj", "{78584BD4-8508-4761-9ED3-704E33657086}"
EndProject
Project("{8BC9CEB8-8B4A-11D0-8D11-00A0C91BC942}") = "TestConsoleApp_2", "TestConsoleApp_2\TestConsoleApp_2.vcxproj", "{C2AFF823-F1E5-416D-9014-9A1305D89849}"
EndProject
Project("{8BC9CEB8-8B4A-11D0-8D11-00A0C91BC942}") = "TestConsoleApp_3", "TestConsoleApp_3\TestConsoleApp_3.vcxproj", "{86DBF9A1-0647-4CFB-9F65-07B00F2F87DB}"
EndProject
Global
	GlobalSection(SolutionConfigurationPlatforms) = preSolution
		Debug|Win32 = Debug|Win32
		Debug|x64 = Debug|x64
		Debug|x86 = Debug|x86
		Release|Win32 = Release|Win32
		Release|x64 = Release|x64
		Release|x86 = Release|x86
		Release2|Win32 = Release2|Win32
		Release2|x64 = Release2|x64
		Release2|x86 = Release2|x86
	EndGlobalSection
	GlobalSection(ProjectConfigurationPlatforms) = postSolution
		{70993E60-B2D9-4A2E-9F31-56F1B35F46B8}.Debug|Win32.ActiveCfg = Debug|Win32
		{70993E60-B2D9-4A2E-9F31-56F1B35F46B8}.Debug|Win32.Build.0 = Debug|Win32
		{70993E60-B2D9-4A2E-9F31-56F1B35F46B8}.Debug|x64.ActiveCfg = Debug|x64
		{70993E60-B2D9-4A2E-9F31-56F1B35F46B8}.Debug|x64.Build.0 = Debug|x64
		{70993E60-B2D9-4A2E-9F31-56F1B35F46B8}.Debug|x86.ActiveCfg = Debug|Win32
		{70993E60-B2D9-4A2E-9F31-56F1B35F46B8}.Debug|x86.Build.0 = Debug|Win32
		{70993E60-B2D9-4A2E-9F31-56F1B35F46B8}.Debug|x86.Deploy.0 = Debug|Win32
		{70993E60-B2D9-4A2E-9F31-56F1B35F46B8}.Release|Win32.ActiveCfg = Release|Win32
		{70993E60-B2D9-4A2E-9F31-56F1B35F46B8}.Release|x64.ActiveCfg = Release|x64
		{70993E60-B2D9-4A2E-9F31-56F1B35F46B8}.Release|x64.Build.0 = Release|x64
		{70993E60-B2D9-4A2E-9F31-56F1B35F46B8}.Release|x86.ActiveCfg = Release|Win32
		{70993E60-B2D9-4A2E-9F31-56F1B35F46B8}.Release|x86.Build.0 = Release|Win32
		{70993E60-B2D9-4A2E-9F31-56F1B35F46B8}.Release|x86.Deploy.0 = Release|Win32
		{70993E60-B2D9-4A2E-9F31-56F1B35F46B8}.Release2|Win32.ActiveCfg = Release|Win32
		{70993E60-B2D9-4A2E-9F31-56F1B35F46B8}.Release2|Win32.Build.0 = Release|Win32
		{70993E60-B2D9-4A2E-9F31-56F1B35F46B8}.Release2|x64.ActiveCfg = Release|x64
		{70993E60-B2D9-4A2E-9F31-56F1B35F46B8}.Release2|x64.Build.0 = Release|x64
		{70993E60-B2D9-4A2E-9F31-56F1B35F46B8}.Release2|x86.ActiveCfg = Release|Win32
		{70993E60-B2D9-4A2E-9F31-56F1B35F46B8}.Release2|x86.Build.0 = Release|Win32
		{BDB7E898-2F81-4410-90C7-0BD4D3212AF8}.Debug|Win32.ActiveCfg = Debug|Win32
		{BDB7E898-2F81-4410-90C7-0BD4D3212AF8}.Debug|Win32.Build.0 = Debug|Win32
		{BDB7E898-2F81-4410-90C7-0BD4D3212AF8}.Debug|x64.ActiveCfg = Debug|x64
		{BDB7E898-2F81-4410-90C7-0BD4D3212AF8}.Debug|x64.Build.0 = Debug|x64
		{BDB7E898-2F81-4410-90C7-0BD4D3212AF8}.Debug|x86.ActiveCfg = Debug|Win32
		{BDB7E898-2F81-4410-90C7-0BD4D3212AF8}.Debug|x86.Build.0 = Debug|Win32
		{BDB7E898-2F81-4410-90C7-0BD4D3212AF8}.Release|Win32.ActiveCfg = Release|Win32
		{BDB7E898-2F81-4410-90C7-0BD4D3212AF8}.Release|Win32.Build.0 = Release|Win32
		{BDB7E898-2F81-4410-90C7-0BD4D3212AF8}.Release|x64.ActiveCfg = Release|x64
		{BDB7E898-2F81-4410-90C7-0BD4D3212AF8}.Release|x64.Build.0 = Release|x64
		{BDB7E898-2F81-4410-90C7-0BD4D3212AF8}.Release|x86.ActiveCfg = Release|Win32
		{BDB7E898-2F81-4410-90C7-0BD4D3212AF8}.Release|x86.Build.0 = Release|Win32
		{BDB7E898-2F81-4410-90C7-0BD4D3212AF8}.Release2|Win32.ActiveCfg = Release2|Win32
		{BDB7E898-2F81-4410-90C7-0BD4D3212AF8}.Release2|Win32.Build.0 = Release2|Win32
		{BDB7E898-2F81-4410-90C7-0BD4D3212AF8}.Release2|x64.ActiveCfg = Release2|x64
		{BDB7E898-2F81-4410-90C7-0BD4D3212AF8}.Release2|x64.Build.0 = Release2|x64
		{BDB7E898-2F81-4410-90C7-0BD4D3212AF8}.Release2|x86.ActiveCfg = Release2|Win32
		{BDB7E898-2F81-4410-90C7-0BD4D3212AF8}.Release2|x86.Build.0 = Release2|Win32
		{78584BD4-8508-4761-9ED3-704E33657086}.Debug|Win32.ActiveCfg = Debug|Win32
		{78584BD4-8508-4761-9ED3-704E33657086}.Debug|Win32.Build.0 = Debug|Win32
		{78584BD4-8508-4761-9ED3-704E33657086}.Debug|x64.ActiveCfg = Debug|x64
		{78584BD4-8508-4761-9ED3-704E33657086}.Debug|x64.Build.0 = Debug|x64
		{78584BD4-8508-4761-9ED3-704E33657086}.Debug|x86.ActiveCfg = Debug|Win32
		{78584BD4-8508-4761-9ED3-704E33657086}.Debug|x86.Build.0 = Debug|Win32
		{78584BD4-8508-4761-9ED3-704E33657086}.Release|Win32.ActiveCfg = Release|Win32
		{78584BD4-8508-4761-9ED3-704E33657086}.Release|Win32.Build.0 = Release|Win32
		{78584BD4-8508-4761-9ED3-704E33657086}.Release|x64.ActiveCfg = Release|x64
		{78584BD4-8508-4761-9ED3-704E33657086}.Release|x64.Build.0 = Release|x64
		{78584BD4-8508-4761-9ED3-704E33657086}.Release|x86.ActiveCfg = Release|Win32
		{78584BD4-8508-4761-9ED3-704E33657086}.Release|x86.Build.0 = Release|Win32
		{78584BD4-8508-4761-9ED3-704E33657086}.Release2|Win32.ActiveCfg = Release|Win32
		{78584BD4-8508-4761-9ED3-704E33657086}.Release2|Win32.Build.0 = Release|Win32
		{78584BD4-8508-4761-9ED3-704E33657086}.Release2|x64.ActiveCfg = Release|x64
		{78584BD4-8508-4761-9ED3-704E33657086}.Release2|x64.Build.0 = Release|x64
		{78584BD4-8508-4761-9ED3-704E33657086}.Release2|x86.ActiveCfg = Release|Win32
		{78584BD4-8508-4761-9ED3-704E33657086}.Release2|x86.Build.0 = Release|Win32
		{C2AFF823-F1E5-416D-9014-9A1305D89849}.Debug|Win32.ActiveCfg = Debug|Win32
		{C2AFF823-F1E5-416D-9014-9A1305D89849}.Debug|Win32.Build.0 = Debug|Win32
		{C2AFF823-F1E5-416D-9014-9A1305D89849}.Debug|x64.ActiveCfg = Debug|x64
		{C2AFF823-F1E5-416D-9014-9A1305D89849}.Debug|x64.Build.0 = Debug|x64
		{C2AFF823-F1E5-416D-9014-9A1305D89849}.Debug|x86.ActiveCfg = Debug|Win32
		{C2AFF823-F1E5-416D-9014-9A1305D89849}.Debug|x86.Build.0 = Debug|Win32
		{C2AFF823-F1E5-416D-9014-9A1305D89849}.Release|Win32.ActiveCfg = Release|Win32
		{C2AFF823-F1E5-416D-9014-9A1305D89849}.Release|x64.ActiveCfg = Release|x64
		{C2AFF823-F1E5-416D-9014-9A1305D89849}.Release|x64.Build.0 = Release|x64
		{C2AFF823-F1E5-416D-9014-9A1305D89849}.Release|x86.ActiveCfg = Release|Win32
		{C2AFF823-F1E5-416D-9014-9A1305D89849}.Release|x86.Build.0 = Release|Win32
		{C2AFF823-F1E5-416D-9014-9A1305D89849}.Release2|Win32.ActiveCfg = Release|Win32
		{C2AFF823-F1E5-416D-9014-9A1305D89849}.Release2|Win32.Build.0 = Release|Win32
		{C2AFF823-F1E5-416D-9014-9A1305D89849}.Release2|x64.ActiveCfg = Release|x64
		{C2AFF823-F1E5-416D-9014-9A1305D89849}.Release2|x64.Build.0 = Release|x64
		{C2AFF823-F1E5-416D-9014-9A1305D89849}.Release2|x86.ActiveCfg = Release|Win32
		{C2AFF823-F1E5-416D-9014-9A1305D89849}.Release2|x86.Build.0 = Release|Win32
		{86DBF9A1-0647-4CFB-9F65-07B00F2F87DB}.Debug|Win32.ActiveCfg = Debug|Win32
		{86DBF9A1-0647-4CFB-9F65-07B00F2F87DB}.Debug|Win32.Build.0 = Debug|Win32
		{86DBF9A1-0647-4CFB-9F65-07B00F2F87DB}.Debug|x64.ActiveCfg = Debug|x64
		{86DBF9A1-0647-4CFB-9F65-07B00F2F87DB}.Debug|x64.Build.0 = Debug|x64
		{86DBF9A1-0647-4CFB-9F65-07B00F2F87DB}.Debug|x86.ActiveCfg = Debug|Win32
		{86DBF9A1-0647-4CFB-9F65-07B00F2F87DB}.Debug|x86.Build.0 = Debug|Win32
		{86DBF9A1-0647-4CFB-9F65-07B00F2F87DB}.Release|Win32.ActiveCfg = Release|Win32
		{86DBF9A1-0647-4CFB-9F65-07B00F2F87DB}.Release|x64.ActiveCfg = Release|x64
		{86DBF9A1-0647-4CFB-9F65-07B00F2F87DB}.Release|x64.Build.0 = Release|x64
		{86DBF9A1-0647-4CFB-9F65-07B00F2F87DB}.Release|x86.ActiveCfg = Release|Win32
		{86DBF9A1-0647-4CFB-9F65-07B00F2F87DB}.Release|x86.Build.0 = Release|Win32
		{86DBF9A1-0647-4CFB-9F65-07B00F2F87DB}.Release2|Win32.ActiveCfg = Release|Win32
		{86DBF9A1-0647-4CFB-9F65-07B00F2F87DB}.Release2|Win32.Build.0 = Release|Win32
		{86DBF9A1-0647-4CFB-9F65-07B00F2F87DB}.Release2|x64.ActiveCfg = Release|x64
		{86DBF9A1-0647-4CFB-9F65-07B00F2F87DB}.Release2|x64.Build.0 = Release|x64
		{86DBF9A1-0647-4CFB-9F65-07B00F2F87DB}.Release2|x86.ActiveCfg = Release|Win32
		{86DBF9A1-0647-4CFB-9F65-07B00F2F87DB}.Release2|x86.Build.0 = Release|Win32
	EndGlobalSection
	GlobalSection(SolutionProperties) = preSolution
		HideSolutionNode = FALSE
	EndGlobalSection
	GlobalSection(ExtensibilityGlobals) = postSolution
		SolutionGuid = {6764A050-F670-4E11-A6EE-B2201BF9587A}
	EndGlobalSection
EndGlobal
