<?xml version="1.0" encoding="utf-8"?>
<Project ToolsVersion="4.0" xmlns="http://schemas.microsoft.com/developer/msbuild/2003">
  <ItemGroup>
    <ClCompile Include="Source\Agilent.cpp">
      <Filter>Auxiliary Window\Agilent</Filter>
    </ClCompile>
    <ClCompile Include="Source\AgilentChannelMode.cpp">
      <Filter>Auxiliary Window\Agilent</Filter>
    </ClCompile>
    <ClCompile Include="Source\AiSystem.cpp">
      <Filter>Auxiliary Window</Filter>
    </ClCompile>
    <ClCompile Include="Source\AlertSystem.cpp">
      <Filter>Andor Window</Filter>
    </ClCompile>
    <ClCompile Include="Source\AnalogOutput.cpp">
      <Filter>Auxiliary Window</Filter>
    </ClCompile>
    <ClCompile Include="Source\Andor.cpp">
      <Filter>Andor Window</Filter>
    </ClCompile>
    <ClCompile Include="Source\AndorFlume.cpp" />
    <ClCompile Include="Source\AndorRunMode.cpp">
      <Filter>Andor Window\Structures</Filter>
    </ClCompile>
    <ClCompile Include="Source\AndorRunSettings.cpp">
      <Filter>Andor Window</Filter>
    </ClCompile>
    <ClCompile Include="Source\AndorTriggerModes.cpp">
      <Filter>Andor Window\Structures</Filter>
    </ClCompile>
    <ClCompile Include="Source\AndorWindow.cpp">
      <Filter>Andor Window</Filter>
    </ClCompile>
    <ClCompile Include="Source\AoSettingsDialog.cpp">
      <Filter>Auxiliary Window</Filter>
    </ClCompile>
    <ClCompile Include="Source\AoSystem.cpp">
      <Filter>Auxiliary Window</Filter>
    </ClCompile>
    <ClCompile Include="Source\AuxiliaryWindow.cpp">
      <Filter>Auxiliary Window</Filter>
    </ClCompile>
    <ClCompile Include="Source\BaslerCamera.cpp">
      <Filter>Basler Window</Filter>
    </ClCompile>
    <ClCompile Include="Source\BaslerSettings.cpp">
      <Filter>Basler Window</Filter>
    </ClCompile>
    <ClCompile Include="Source\BaslerSettingsControl.cpp">
      <Filter>Basler Window</Filter>
    </ClCompile>
    <ClCompile Include="Source\BaslerWindow.cpp">
      <Filter>Basler Window</Filter>
    </ClCompile>
    <ClCompile Include="Source\CameraCalibration.cpp">
      <Filter>Andor Window</Filter>
    </ClCompile>
    <ClCompile Include="Source\CameraImageDimensions.cpp">
      <Filter>Andor Window</Filter>
    </ClCompile>
    <ClCompile Include="Source\CameraSettingsControl.cpp">
      <Filter>Andor Window</Filter>
    </ClCompile>
    <ClCompile Include="Source\ChimeraApp.cpp">
      <Filter>General Files</Filter>
    </ClCompile>
    <ClCompile Include="Source\cleanString.cpp">
      <Filter>Misc-Small-Funcs-And-Classes</Filter>
    </ClCompile>
    <ClCompile Include="Source\CodeTimer.cpp">
      <Filter>Misc-Small-Funcs-And-Classes</Filter>
    </ClCompile>
    <ClCompile Include="Source\ColorBox.cpp">
      <Filter>General Files</Filter>
    </ClCompile>
    <ClCompile Include="Source\commonFunctions.cpp">
      <Filter>General Files</Filter>
    </ClCompile>
    <ClCompile Include="Source\Communicator.cpp">
      <Filter>Main Window</Filter>
    </ClCompile>
    <ClCompile Include="Source\DaqMxFlume.cpp">
      <Filter>National-Instruments</Filter>
    </ClCompile>
    <ClCompile Include="Source\DataAnalysisControl.cpp">
      <Filter>Andor Window\Real-Time-Analysis</Filter>
    </ClCompile>
    <ClCompile Include="Source\DataLogger.cpp">
      <Filter>Andor Window</Filter>
    </ClCompile>
    <ClCompile Include="Source\DdsCore.cpp" />
    <ClCompile Include="Source\DdsSystem.cpp">
      <Filter>Auxiliary Window</Filter>
    </ClCompile>
    <ClCompile Include="Source\DdsSystemStructures.cpp" />
    <ClCompile Include="Source\DebugOptionsControl.cpp">
      <Filter>Main Window</Filter>
    </ClCompile>
    <ClCompile Include="Source\DigitalOutput.cpp">
      <Filter>DIO</Filter>
    </ClCompile>
    <ClCompile Include="Source\DioRows.cpp">
      <Filter>DIO</Filter>
    </ClCompile>
    <ClCompile Include="Source\DioSettingsDialog.cpp">
      <Filter>DIO</Filter>
    </ClCompile>
    <ClCompile Include="Source\DioSystem.cpp">
      <Filter>DIO</Filter>
    </ClCompile>
    <ClCompile Include="Source\DoubleEdit.cpp">
      <Filter>Custom-Controls</Filter>
    </ClCompile>
    <ClCompile Include="Source\EmbeddedPythonHandler.cpp">
      <Filter>General Files</Filter>
    </ClCompile>
    <ClCompile Include="Source\ErrDialog.cpp">
      <Filter>Miscellaneous-Dialogs</Filter>
    </ClCompile>
    <ClCompile Include="Source\ExperimentTimer.cpp">
      <Filter>Andor Window</Filter>
    </ClCompile>
    <ClCompile Include="Source\Expression.cpp">
      <Filter>Misc-Small-Funcs-And-Classes</Filter>
    </ClCompile>
    <ClCompile Include="Source\externals.cpp">
      <Filter>Constants, Externals, Etc.</Filter>
    </ClCompile>
    <ClCompile Include="Source\Fgen.cpp">
      <Filter>Main Window\NIAWG-And-Rearranging</Filter>
    </ClCompile>
    <ClCompile Include="Source\ftdiFlume.cpp">
      <Filter>DIO</Filter>
    </ClCompile>
    <ClCompile Include="Source\functionCombo.cpp">
      <Filter>Custom-Controls</Filter>
    </ClCompile>
    <ClCompile Include="Source\GpibFlume.cpp">
      <Filter>Auxiliary Window</Filter>
    </ClCompile>
    <ClCompile Include="Source\LongCSlider.cpp">
      <Filter>Custom-Controls</Filter>
    </ClCompile>
    <ClCompile Include="Source\MachineOptimizer.cpp">
      <Filter>Auxiliary Window</Filter>
    </ClCompile>
    <ClCompile Include="Source\MainOptionsControl.cpp">
      <Filter>Main Window</Filter>
    </ClCompile>
    <ClCompile Include="Source\MainWindow.cpp">
      <Filter>Main Window</Filter>
    </ClCompile>
    <ClCompile Include="Source\MasterConfiguration.cpp">
      <Filter>Main Window</Filter>
    </ClCompile>
    <ClCompile Include="Source\MasterManager.cpp">
      <Filter>General Files</Filter>
    </ClCompile>
    <ClCompile Include="Source\MasterThreadInput.cpp" />
    <ClCompile Include="Source\MicrowaveCore.cpp">
      <Filter>MicrowaveSystem</Filter>
    </ClCompile>
    <ClCompile Include="Source\MicrowaveSystem.cpp">
      <Filter>MicrowaveSystem</Filter>
    </ClCompile>
    <ClCompile Include="Source\miscCommonFunctions.cpp">
      <Filter>General Files</Filter>
    </ClCompile>
    <ClCompile Include="Source\myButton.cpp">
      <Filter>Custom-Controls</Filter>
    </ClCompile>
    <ClCompile Include="Source\MyListCtrl.cpp">
      <Filter>Misc-Small-Funcs-And-Classes</Filter>
    </ClCompile>
    <ClCompile Include="Source\NiawgController.cpp">
      <Filter>Main Window\NIAWG-And-Rearranging</Filter>
    </ClCompile>
    <ClCompile Include="Source\NiawgStructures.cpp">
      <Filter>National-Instruments</Filter>
    </ClCompile>
    <ClCompile Include="Source\NiawgWaiter.cpp">
      <Filter>Main Window\NIAWG-And-Rearranging</Filter>
    </ClCompile>
    <ClCompile Include="Source\NoteSystem.cpp">
      <Filter>Main Window</Filter>
    </ClCompile>
    <ClCompile Include="Source\openWithExplorer.cpp">
      <Filter>Miscellaneous-Dialogs</Filter>
    </ClCompile>
    <ClCompile Include="Source\OscilloscopeViewer.cpp">
      <Filter>Plotting-And-Viewing</Filter>
    </ClCompile>
    <ClCompile Include="Source\ParameterSystem.cpp">
      <Filter>Auxiliary Window</Filter>
    </ClCompile>
    <ClCompile Include="Source\PictureControl.cpp">
      <Filter>Andor Window</Filter>
    </ClCompile>
    <ClCompile Include="Source\PictureManager.cpp">
      <Filter>Andor Window</Filter>
    </ClCompile>
    <ClCompile Include="Source\PictureSettingsControl.cpp">
      <Filter>Andor Window</Filter>
    </ClCompile>
    <ClCompile Include="Source\PictureStats.cpp">
      <Filter>Andor Window</Filter>
    </ClCompile>
    <ClCompile Include="Source\PiezoController.cpp">
      <Filter>PiezoControllers</Filter>
    </ClCompile>
    <ClCompile Include="Source\PiezoCore.cpp">
      <Filter>PiezoControllers</Filter>
    </ClCompile>
    <ClCompile Include="Source\PiezoFlume.cpp">
      <Filter>PiezoControllers</Filter>
    </ClCompile>
    <ClCompile Include="Source\PlotCtrl.cpp">
      <Filter>Plotting-And-Viewing</Filter>
    </ClCompile>
    <ClCompile Include="Source\PlotDataSet.cpp">
      <Filter>Andor Window\Real-Time-Analysis</Filter>
    </ClCompile>
    <ClCompile Include="Source\PlotDesignerDialog.cpp">
      <Filter>Andor Window\Real-Time-Analysis</Filter>
    </ClCompile>
    <ClCompile Include="Source\PlotDialog.cpp">
      <Filter>Plotting-And-Viewing</Filter>
    </ClCompile>
    <ClCompile Include="Source\PlottingInfo.cpp">
      <Filter>Andor Window\Real-Time-Analysis</Filter>
    </ClCompile>
    <ClCompile Include="Source\ProfileIndicator.cpp">
      <Filter>General Files</Filter>
    </ClCompile>
    <ClCompile Include="Source\ProfileSystem.cpp">
      <Filter>Main Window</Filter>
    </ClCompile>
    <ClCompile Include="Source\range.cpp">
      <Filter>Misc-Small-Funcs-And-Classes</Filter>
    </ClCompile>
    <ClCompile Include="Source\Repetitions.cpp">
      <Filter>Main Window</Filter>
    </ClCompile>
    <ClCompile Include="Source\rerngGuiControl.cpp">
      <Filter>Main Window\NIAWG-And-Rearranging</Filter>
    </ClCompile>
    <ClCompile Include="Source\rerngOptionStructures.cpp">
      <Filter>Main Window\Structures</Filter>
    </ClCompile>
    <ClCompile Include="Source\RsgFlume.cpp">
      <Filter>MicrowaveSystem</Filter>
    </ClCompile>
    <ClCompile Include="Source\saveWithExplorer.cpp">
      <Filter>Miscellaneous-Dialogs</Filter>
    </ClCompile>
    <ClCompile Include="Source\Script.cpp">
      <Filter>Scripting Window</Filter>
    </ClCompile>
    <ClCompile Include="Source\scriptedAgilentWaveform.cpp">
      <Filter>Auxiliary Window\Agilent</Filter>
    </ClCompile>
    <ClCompile Include="Source\ScriptingWindow.cpp">
      <Filter>Scripting Window</Filter>
    </ClCompile>
    <ClCompile Include="Source\ScriptStream.cpp">
      <Filter>Misc-Small-Funcs-And-Classes</Filter>
    </ClCompile>
    <ClCompile Include="Source\Segment.cpp">
      <Filter>Auxiliary Window\Agilent</Filter>
    </ClCompile>
    <ClCompile Include="Source\SegmentEnd.cpp">
      <Filter>Auxiliary Window\Agilent</Filter>
    </ClCompile>
    <ClCompile Include="Source\SerialPiezoFlume.cpp">
      <Filter>PiezoControllers</Filter>
    </ClCompile>
    <ClCompile Include="Source\ServoManager.cpp">
      <Filter>Auxiliary Window</Filter>
    </ClCompile>
    <ClCompile Include="Source\SmsTextingControl.cpp">
      <Filter>Main Window</Filter>
    </ClCompile>
    <ClCompile Include="Source\splashDialog.cpp">
      <Filter>Miscellaneous-Dialogs</Filter>
    </ClCompile>
    <ClCompile Include="Source\StartDialog.cpp">
      <Filter>Miscellaneous-Dialogs</Filter>
    </ClCompile>
    <ClCompile Include="Source\StatusControl.cpp">
      <Filter>General Files</Filter>
    </ClCompile>
    <ClCompile Include="Source\StatusIndicator.cpp">
      <Filter>General Files</Filter>
    </ClCompile>
    <ClCompile Include="Source\stdafx.cpp">
      <Filter>Things I Don%27t Mess With %28Often%29</Filter>
    </ClCompile>
    <ClCompile Include="Source\TektronicsControl.cpp">
      <Filter>Auxiliary Window</Filter>
    </ClCompile>
    <ClCompile Include="Source\TextPromptDialog.cpp">
      <Filter>Miscellaneous-Dialogs</Filter>
    </ClCompile>
    <ClCompile Include="Source\UintEdit.cpp">
      <Filter>Misc-Small-Funcs-And-Classes</Filter>
    </ClCompile>
    <ClCompile Include="Source\viewpointFlume.cpp">
      <Filter>DIO</Filter>
    </ClCompile>
    <ClCompile Include="Source\VisaFlume.cpp">
      <Filter>Auxiliary Window</Filter>
    </ClCompile>
    <ClCompile Include="Source\WindFreakFlume.cpp">
      <Filter>MicrowaveSystem</Filter>
    </ClCompile>
    <ClCompile Include="Source\WinSerialFlume.cpp">
      <Filter>DIO</Filter>
    </ClCompile>
  </ItemGroup>
  <ItemGroup>
    <ClInclude Include="longnam.h">
      <Filter>Things I Don%27t Mess With %28Often%29</Filter>
    </ClInclude>
    <ClInclude Include="Source\Agilent.h">
      <Filter>Auxiliary Window\Agilent</Filter>
    </ClInclude>
    <ClInclude Include="Source\AgilentChannelMode.h">
      <Filter>Auxiliary Window\Agilent</Filter>
    </ClInclude>
    <ClInclude Include="Source\AgilentSettings.h">
      <Filter>Auxiliary Window\Agilent</Filter>
    </ClInclude>
    <ClInclude Include="Source\agilentStructures.h">
      <Filter>Auxiliary Window\Agilent</Filter>
    </ClInclude>
    <ClInclude Include="Source\AiSettings.h" />
    <ClInclude Include="Source\AiSystem.h">
      <Filter>Auxiliary Window</Filter>
    </ClInclude>
    <ClInclude Include="Source\AlertSystem.h">
      <Filter>Andor Window</Filter>
    </ClInclude>
    <ClInclude Include="Source\AnalogOutput.h">
      <Filter>Auxiliary Window</Filter>
    </ClInclude>
    <ClInclude Include="Source\Andor.h">
      <Filter>Andor Window</Filter>
    </ClInclude>
    <ClInclude Include="Source\AndorFlume.h" />
    <ClInclude Include="Source\andorPicSettingsGroup.h" />
    <ClInclude Include="Source\AndorRunMode.h">
      <Filter>Andor Window\Structures</Filter>
    </ClInclude>
    <ClInclude Include="Source\AndorRunSettings.h">
      <Filter>Andor Window\Structures</Filter>
    </ClInclude>
    <ClInclude Include="Source\AndorTemperatureStatus.h">
      <Filter>Andor Window</Filter>
    </ClInclude>
    <ClInclude Include="Source\AndorTriggerModes.h">
      <Filter>Andor Window\Structures</Filter>
    </ClInclude>
    <ClInclude Include="Source\AndorWindow.h">
      <Filter>Andor Window</Filter>
    </ClInclude>
    <ClInclude Include="Source\AoSettingsDialog.h">
      <Filter>Auxiliary Window</Filter>
    </ClInclude>
    <ClInclude Include="Source\AoStructures.h">
      <Filter>Auxiliary Window</Filter>
    </ClInclude>
    <ClInclude Include="Source\AoSystem.h">
      <Filter>Auxiliary Window</Filter>
    </ClInclude>
    <ClInclude Include="Source\atomCruncherInput.h">
      <Filter>Andor Window\Structures</Filter>
    </ClInclude>
    <ClInclude Include="Source\atomGrid.h">
      <Filter>Andor Window\Structures</Filter>
    </ClInclude>
    <ClInclude Include="Source\AuxiliaryWindow.h">
      <Filter>Auxiliary Window</Filter>
    </ClInclude>
    <ClInclude Include="Source\BaslerCamera.h">
      <Filter>Basler Window</Filter>
    </ClInclude>
    <ClInclude Include="Source\BaslerSettings.h">
      <Filter>Basler Window</Filter>
    </ClInclude>
    <ClInclude Include="Source\BaslerSettingsControl.h">
      <Filter>Basler Window</Filter>
    </ClInclude>
    <ClInclude Include="Source\BaslerWindow.h">
      <Filter>Basler Window</Filter>
    </ClInclude>
    <ClInclude Include="Source\CameraCalibration.h">
      <Filter>Andor Window</Filter>
    </ClInclude>
    <ClInclude Include="Source\CameraImageDimensions.h">
      <Filter>Andor Window</Filter>
    </ClInclude>
    <ClInclude Include="Source\cameraPositions.h">
      <Filter>Andor Window\Structures</Filter>
    </ClInclude>
    <ClInclude Include="Source\CameraSettingsControl.h">
      <Filter>Andor Window</Filter>
    </ClInclude>
    <ClInclude Include="Source\ChimeraApp.h">
      <Filter>General Files</Filter>
    </ClInclude>
    <ClInclude Include="Source\cleanString.h">
      <Filter>Misc-Small-Funcs-And-Classes</Filter>
    </ClInclude>
    <ClInclude Include="Source\CmdLibrary.h">
      <Filter>PiezoControllers</Filter>
    </ClInclude>
    <ClInclude Include="Source\CodeTimer.h">
      <Filter>Misc-Small-Funcs-And-Classes</Filter>
    </ClInclude>
    <ClInclude Include="Source\ColorBox.h">
      <Filter>General Files</Filter>
    </ClInclude>
    <ClInclude Include="Source\commonFunctions.h">
      <Filter>General Files</Filter>
    </ClInclude>
    <ClInclude Include="Source\commonTypes.h">
      <Filter>General Files</Filter>
    </ClInclude>
    <ClInclude Include="Source\Communicator.h">
      <Filter>Main Window</Filter>
    </ClInclude>
    <ClInclude Include="Source\constants.h">
      <Filter>Constants, Externals, Etc.</Filter>
    </ClInclude>
    <ClInclude Include="Source\Control.h">
      <Filter>Misc-Small-Funcs-And-Classes</Filter>
    </ClInclude>
    <ClInclude Include="Source\DataAnalysisControl.h">
      <Filter>Andor Window\Real-Time-Analysis</Filter>
    </ClInclude>
    <ClInclude Include="Source\DataLogger.h">
      <Filter>Andor Window</Filter>
    </ClInclude>
    <ClInclude Include="Source\dataPoint.h">
      <Filter>Misc-Small-Funcs-And-Classes</Filter>
    </ClInclude>
    <ClInclude Include="Source\DdsCore.h" />
    <ClInclude Include="Source\DdsSystem.h">
      <Filter>Auxiliary Window</Filter>
    </ClInclude>
    <ClInclude Include="Source\DdsSystemStructures.h" />
    <ClInclude Include="Source\debugInfo.h">
      <Filter>Main Window\Structures</Filter>
    </ClInclude>
    <ClInclude Include="Source\DebugOptionsControl.h">
      <Filter>Main Window</Filter>
    </ClInclude>
    <ClInclude Include="Source\DigitalOutput.h">
      <Filter>DIO</Filter>
    </ClInclude>
    <ClInclude Include="Source\DioRows.h">
      <Filter>DIO</Filter>
    </ClInclude>
    <ClInclude Include="Source\DioSettingsDialog.h">
      <Filter>DIO</Filter>
    </ClInclude>
    <ClInclude Include="Source\DioSystem.h">
      <Filter>DIO</Filter>
    </ClInclude>
    <ClInclude Include="Source\directions.h">
      <Filter>Main Window\Structures</Filter>
    </ClInclude>
    <ClInclude Include="Source\DoubleEdit.h">
      <Filter>Custom-Controls</Filter>
    </ClInclude>
    <ClInclude Include="Source\EmbeddedPythonHandler.h">
      <Filter>General Files</Filter>
    </ClInclude>
    <ClInclude Include="Source\ErrDialog.h">
      <Filter>Miscellaneous-Dialogs</Filter>
    </ClInclude>
    <ClInclude Include="Source\ExperimentTimer.h">
      <Filter>Andor Window</Filter>
    </ClInclude>
    <ClInclude Include="Source\Expression.h">
      <Filter>Misc-Small-Funcs-And-Classes</Filter>
    </ClInclude>
    <ClInclude Include="Source\ExpWrap.h" />
    <ClInclude Include="Source\externals.h">
      <Filter>Constants, Externals, Etc.</Filter>
    </ClInclude>
    <ClInclude Include="Source\Fgen.h">
      <Filter>Main Window\NIAWG-And-Rearranging</Filter>
    </ClInclude>
    <ClInclude Include="Source\ftdiFlume.h">
      <Filter>DIO</Filter>
    </ClInclude>
    <ClInclude Include="Source\functionCombo.h">
      <Filter>Custom-Controls</Filter>
    </ClInclude>
    <ClInclude Include="Source\GpibFlume.h">
      <Filter>Auxiliary Window</Filter>
    </ClInclude>
    <ClInclude Include="Source\LongCSlider.h">
      <Filter>Custom-Controls</Filter>
    </ClInclude>
    <ClInclude Include="Source\MachineOptimizer.h">
      <Filter>Auxiliary Window</Filter>
    </ClInclude>
    <ClInclude Include="Source\MainOptionsControl.h">
      <Filter>Main Window</Filter>
    </ClInclude>
    <ClInclude Include="Source\MainWindow.h">
      <Filter>Main Window</Filter>
    </ClInclude>
    <ClInclude Include="Source\MasterConfiguration.h">
      <Filter>Main Window</Filter>
    </ClInclude>
    <ClInclude Include="Source\MasterManager.h">
      <Filter>General Files</Filter>
    </ClInclude>
    <ClInclude Include="Source\MasterThreadInput.h">
      <Filter>General Files</Filter>
    </ClInclude>
    <ClInclude Include="Source\Matrix.h">
      <Filter>Misc-Small-Funcs-And-Classes</Filter>
    </ClInclude>
    <ClInclude Include="Source\imageParameters.h">
      <Filter>Andor Window\Structures</Filter>
    </ClInclude>
    <ClInclude Include="Source\memdc.h">
      <Filter>Misc-Small-Funcs-And-Classes</Filter>
    </ClInclude>
    <ClInclude Include="Source\MicrowaveCore.h">
      <Filter>MicrowaveSystem</Filter>
    </ClInclude>
    <ClInclude Include="Source\microwaveSettings.h">
      <Filter>MicrowaveSystem</Filter>
    </ClInclude>
    <ClInclude Include="Source\MicrowaveSystem.h">
      <Filter>MicrowaveSystem</Filter>
    </ClInclude>
    <ClInclude Include="Source\miscCommonFunctions.h">
      <Filter>General Files</Filter>
    </ClInclude>
    <ClInclude Include="Source\multiDimensionalKey.h">
      <Filter>Misc-Small-Funcs-And-Classes</Filter>
    </ClInclude>
    <ClInclude Include="Source\myButton.h">
      <Filter>Custom-Controls</Filter>
    </ClInclude>
    <ClInclude Include="Source\MyListCtrl.h">
      <Filter>Misc-Small-Funcs-And-Classes</Filter>
    </ClInclude>
    <ClInclude Include="Source\NiawgController.h">
      <Filter>Main Window\NIAWG-And-Rearranging</Filter>
    </ClInclude>
    <ClInclude Include="Source\NiawgStructures.h">
      <Filter>Main Window\Structures</Filter>
    </ClInclude>
    <ClInclude Include="Source\NiawgWaiter.h">
      <Filter>Main Window\NIAWG-And-Rearranging</Filter>
    </ClInclude>
    <ClInclude Include="Source\NoteSystem.h">
      <Filter>Main Window</Filter>
    </ClInclude>
    <ClInclude Include="Source\ParameterSystem.h">
      <Filter>Auxiliary Window</Filter>
    </ClInclude>
    <ClInclude Include="Source\PictureControl.h">
      <Filter>Andor Window</Filter>
    </ClInclude>
    <ClInclude Include="Source\PictureManager.h">
      <Filter>Andor Window</Filter>
    </ClInclude>
    <ClInclude Include="Source\PictureSettingsControl.h">
      <Filter>Andor Window</Filter>
    </ClInclude>
    <ClInclude Include="Source\PictureStats.h">
      <Filter>Andor Window</Filter>
    </ClInclude>
    <ClInclude Include="Source\PiezoController.h">
      <Filter>PiezoControllers</Filter>
    </ClInclude>
    <ClInclude Include="Source\PiezoCore.h">
      <Filter>PiezoControllers</Filter>
    </ClInclude>
    <ClInclude Include="Source\PiezoFlume.h">
      <Filter>PiezoControllers</Filter>
    </ClInclude>
    <ClInclude Include="Source\PiezoType.h">
      <Filter>PiezoControllers</Filter>
    </ClInclude>
    <ClInclude Include="Source\PlotDataSet.h">
      <Filter>Andor Window\Real-Time-Analysis</Filter>
    </ClInclude>
    <ClInclude Include="Source\PlotDesignerDialog.h">
      <Filter>Andor Window\Real-Time-Analysis</Filter>
    </ClInclude>
    <ClInclude Include="Source\PlotDialog.h">
      <Filter>Plotting-And-Viewing</Filter>
    </ClInclude>
    <ClInclude Include="Source\PlottingInfo.h">
      <Filter>Andor Window\Real-Time-Analysis</Filter>
    </ClInclude>
    <ClInclude Include="Source\ProfileIndicator.h">
      <Filter>General Files</Filter>
    </ClInclude>
    <ClInclude Include="Source\profileSettings.h">
      <Filter>Main Window\Structures</Filter>
    </ClInclude>
    <ClInclude Include="Source\ProfileSystem.h">
      <Filter>Main Window</Filter>
    </ClInclude>
    <ClInclude Include="Source\Queues.h">
      <Filter>Misc-Small-Funcs-And-Classes</Filter>
    </ClInclude>
    <ClInclude Include="Source\range.h">
      <Filter>Misc-Small-Funcs-And-Classes</Filter>
    </ClInclude>
    <ClInclude Include="Source\Repetitions.h">
      <Filter>Main Window</Filter>
    </ClInclude>
    <ClInclude Include="Source\rerngContainer.h">
      <Filter>Main Window\Structures</Filter>
    </ClInclude>
    <ClInclude Include="Source\rerngGuiControl.h">
      <Filter>Main Window\NIAWG-And-Rearranging</Filter>
    </ClInclude>
    <ClInclude Include="Source\rerngMoveStructures.h">
      <Filter>Main Window\Structures</Filter>
    </ClInclude>
    <ClInclude Include="Source\rerngOptionStructures.h">
      <Filter>Main Window\Structures</Filter>
    </ClInclude>
    <ClInclude Include="Source\rerngThreadInput.h">
      <Filter>Main Window\Structures</Filter>
    </ClInclude>
    <ClInclude Include="Source\resource.h">
      <Filter>Constants, Externals, Etc.</Filter>
    </ClInclude>
    <ClInclude Include="Source\RsgFlume.h">
      <Filter>MicrowaveSystem</Filter>
    </ClInclude>
    <ClInclude Include="Source\saveWithExplorer.h">
      <Filter>Miscellaneous-Dialogs</Filter>
    </ClInclude>
    <ClInclude Include="Source\Script.h">
      <Filter>Scripting Window</Filter>
    </ClInclude>
    <ClInclude Include="Source\scriptedAgilentWaveform.h">
      <Filter>Auxiliary Window\Agilent</Filter>
    </ClInclude>
    <ClInclude Include="Source\ScriptingWindow.h">
      <Filter>Scripting Window</Filter>
    </ClInclude>
    <ClInclude Include="Source\ScriptStream.h">
      <Filter>Misc-Small-Funcs-And-Classes</Filter>
    </ClInclude>
    <ClInclude Include="Source\Segment.h">
      <Filter>Auxiliary Window\Agilent</Filter>
    </ClInclude>
    <ClInclude Include="Source\SegmentEnd.h">
      <Filter>Auxiliary Window</Filter>
    </ClInclude>
    <ClInclude Include="Source\segmentStructs.h">
      <Filter>Andor Window\Structures</Filter>
    </ClInclude>
    <ClInclude Include="Source\SerialPiezoFlume.h">
      <Filter>PiezoControllers</Filter>
    </ClInclude>
    <ClInclude Include="Source\servoInfo.h">
      <Filter>Auxiliary Window</Filter>
    </ClInclude>
    <ClInclude Include="Source\ServoManager.h">
      <Filter>Auxiliary Window</Filter>
    </ClInclude>
    <ClInclude Include="Source\SmsTextingControl.h">
      <Filter>Main Window</Filter>
    </ClInclude>
    <ClInclude Include="Source\softwareAccumulationOption.h" />
    <ClInclude Include="Source\realTimePlotterInput.h">
      <Filter>Main Window\Structures</Filter>
    </ClInclude>
    <ClInclude Include="Source\splashDialog.h">
      <Filter>Miscellaneous-Dialogs</Filter>
    </ClInclude>
    <ClInclude Include="Source\StartDialog.h">
      <Filter>Miscellaneous-Dialogs</Filter>
    </ClInclude>
    <ClInclude Include="Source\StatusControl.h">
      <Filter>General Files</Filter>
    </ClInclude>
    <ClInclude Include="Source\StatusIndicator.h">
      <Filter>General Files</Filter>
    </ClInclude>
    <ClInclude Include="Source\stdafx.h">
      <Filter>Things I Don%27t Mess With %28Often%29</Filter>
    </ClInclude>
    <ClInclude Include="Source\targetver.h">
      <Filter>Things I Don%27t Mess With %28Often%29</Filter>
    </ClInclude>
    <ClInclude Include="Source\TektronicsControl.h">
      <Filter>Auxiliary Window</Filter>
    </ClInclude>
    <ClInclude Include="Source\TextPromptDialog.h">
      <Filter>Miscellaneous-Dialogs</Filter>
    </ClInclude>
    <ClInclude Include="Source\Thrower.h">
      <Filter>Misc-Small-Funcs-And-Classes</Filter>
    </ClInclude>
    <ClInclude Include="Source\tinyPlotInfo.h">
      <Filter>Andor Window\Structures</Filter>
    </ClInclude>
    <ClInclude Include="Source\UintEdit.h">
      <Filter>Misc-Small-Funcs-And-Classes</Filter>
    </ClInclude>
    <ClInclude Include="Source\VariableStructures.h">
      <Filter>Main Window\Structures</Filter>
    </ClInclude>
    <ClInclude Include="Source\Version.h">
      <Filter>Misc-Small-Funcs-And-Classes</Filter>
    </ClInclude>
    <ClInclude Include="Source\viewpointFlume.h">
      <Filter>DIO</Filter>
    </ClInclude>
    <ClInclude Include="Source\viewpointStructures.h">
      <Filter>DIO</Filter>
    </ClInclude>
    <ClInclude Include="Source\VisaFlume.h">
      <Filter>Auxiliary Window</Filter>
    </ClInclude>
    <ClInclude Include="Source\WindFreakFlume.h">
      <Filter>MicrowaveSystem</Filter>
    </ClInclude>
    <ClInclude Include="FTDI\ftd2xx.h">
      <Filter>DIO</Filter>
    </ClInclude>
    <ClInclude Include="Source\RunInfo.h" />
    <ClInclude Include="Source\openWithExplorer.h" />
  </ItemGroup>
  <ItemGroup>
    <Image Include="Icon2.ico">
      <Filter>Resources</Filter>
    </Image>
    <Image Include="icon1.ico">
      <Filter>Resources</Filter>
    </Image>
    <Image Include="C:\Users\Regal Lab\Pictures\boseeinstein.ico">
      <Filter>Resources</Filter>
    </Image>
    <Image Include="Cold_Atoms_Icon.ico">
      <Filter>Resources</Filter>
    </Image>
    <Image Include="Atom.ico">
      <Filter>Resources</Filter>
    </Image>
    <Image Include="..\JILA.bmp">
      <Filter>Resources</Filter>
    </Image>
    <Image Include="JILA.bmp">
      <Filter>Resources</Filter>
    </Image>
  </ItemGroup>
  <ItemGroup>
    <Filter Include="Resources">
      <UniqueIdentifier>{3bf5973f-9a02-41d7-8021-3f560be2970c}</UniqueIdentifier>
    </Filter>
    <Filter Include="Constants, Externals, Etc.">
      <UniqueIdentifier>{5e5bece6-54c9-453d-b801-9590bec99797}</UniqueIdentifier>
    </Filter>
    <Filter Include="Things I Don%27t Mess With %28Often%29">
      <UniqueIdentifier>{63ce4980-10d4-45df-be5b-aa662831172a}</UniqueIdentifier>
    </Filter>
    <Filter Include="Main Window">
      <UniqueIdentifier>{b8497a6b-0fa8-4221-92f6-c3f097a24f7c}</UniqueIdentifier>
    </Filter>
    <Filter Include="Auxiliary Window">
      <UniqueIdentifier>{57ec6de4-f957-46d8-a818-e6e9fb55a62c}</UniqueIdentifier>
    </Filter>
    <Filter Include="Scripting Window">
      <UniqueIdentifier>{365f9f5c-8a34-4688-b1e4-c6bc08a3329a}</UniqueIdentifier>
    </Filter>
    <Filter Include="General Files">
      <UniqueIdentifier>{4ada3c5a-feb4-4ec6-a8b0-011328000673}</UniqueIdentifier>
    </Filter>
    <Filter Include="Main Window\Structures">
      <UniqueIdentifier>{289fa881-1755-42ac-a4f6-eb64a7013cab}</UniqueIdentifier>
    </Filter>
    <Filter Include="Custom-Controls">
      <UniqueIdentifier>{1981ed01-a042-4894-bc0a-eb2480cd2a79}</UniqueIdentifier>
    </Filter>
    <Filter Include="National-Instruments">
      <UniqueIdentifier>{661a8a78-fdb9-479c-859f-fba6108b88e8}</UniqueIdentifier>
    </Filter>
    <Filter Include="DIO">
      <UniqueIdentifier>{1823f42f-0842-48c9-99c2-bc7f81ce15e2}</UniqueIdentifier>
    </Filter>
    <Filter Include="Plotting-And-Viewing">
      <UniqueIdentifier>{ce5a46ef-0d9d-44a7-8ac4-75beacbcb045}</UniqueIdentifier>
    </Filter>
    <Filter Include="Miscellaneous-Dialogs">
      <UniqueIdentifier>{ace2929a-b20e-404d-a8e0-8281f725fae9}</UniqueIdentifier>
    </Filter>
    <Filter Include="Misc-Small-Funcs-And-Classes">
      <UniqueIdentifier>{ce3b71ee-af66-4efc-88fc-d15110fc432d}</UniqueIdentifier>
    </Filter>
    <Filter Include="Main Window\NIAWG-And-Rearranging">
      <UniqueIdentifier>{01a90856-d228-4f5c-a2f5-9936f06b7e36}</UniqueIdentifier>
    </Filter>
    <Filter Include="Auxiliary Window\Agilent">
      <UniqueIdentifier>{2be437ad-d8ab-418d-9656-a97ff5c57d31}</UniqueIdentifier>
    </Filter>
    <Filter Include="Basler Window">
      <UniqueIdentifier>{f8c33133-04c0-43d8-806d-6e7d703c47d5}</UniqueIdentifier>
    </Filter>
    <Filter Include="Andor Window">
      <UniqueIdentifier>{75f23a51-0d91-400b-8202-88fba8cc00e9}</UniqueIdentifier>
    </Filter>
    <Filter Include="Andor Window\Structures">
      <UniqueIdentifier>{c30ebec6-c2b0-499a-8318-6856c626e280}</UniqueIdentifier>
    </Filter>
    <Filter Include="Andor Window\Real-Time-Analysis">
      <UniqueIdentifier>{f1cc8d58-53d9-4ab5-8571-1ef0a1a60399}</UniqueIdentifier>
    </Filter>
    <Filter Include="PiezoControllers">
      <UniqueIdentifier>{1befae8c-1b44-42be-8ce3-3c3ecddfb6c2}</UniqueIdentifier>
    </Filter>
    <Filter Include="MicrowaveSystem">
      <UniqueIdentifier>{e757d9d7-2044-4078-b3e8-9df8e98eec09}</UniqueIdentifier>
    </Filter>
  </ItemGroup>
  <ItemGroup>
    <Text Include="Planning.txt" />
  </ItemGroup>
  <ItemGroup>
    <None Include="Old_Intensity_Calibrations.txt">
      <Filter>National-Instruments</Filter>
    </None>
    <None Include="Source\coordinate.h">
      <Filter>Andor Window\Structures</Filter>
    </None>
    <None Include="Source\DaqMxFlume.h">
      <Filter>National-Instruments</Filter>
    </None>
    <None Include="Source\DioStructures.h">
      <Filter>DIO</Filter>
    </None>
    <None Include="Source\ftdiStructures.h">
      <Filter>DIO</Filter>
    </None>
    <None Include="Source\my_str.h">
      <Filter>Misc-Small-Funcs-And-Classes</Filter>
    </None>
    <None Include="Source\OscilloscopeViewer.h">
      <Filter>Plotting-And-Viewing</Filter>
    </None>
    <None Include="Source\PlotCtrl.h">
      <Filter>Plotting-And-Viewing</Filter>
    </None>
    <None Include="Source\WinSerialFlume.h">
      <Filter>DIO</Filter>
    </None>
  </ItemGroup>
  <ItemGroup>
    <ResourceCompile Include="Source\Chimera.rc">
      <Filter>Things I Don%27t Mess With %28Often%29</Filter>
    </ResourceCompile>
  </ItemGroup>
</Project>