<?xml version="1.0" encoding="utf-8"?>
<Project ToolsVersion="4.0" xmlns="http://schemas.microsoft.com/developer/msbuild/2003">
  <ItemGroup>
    <Filter Include="Header Files">
      <UniqueIdentifier>{93995380-89BD-4b04-88EB-625FBE52EBFB}</UniqueIdentifier>
      <Extensions>h;hh;hpp;hxx;hm;inl;inc;xsd</Extensions>
    </Filter>
    <Filter Include="Resource Files">
      <UniqueIdentifier>{67DA6AB6-F800-4c08-8B7A-83BB121AAD01}</UniqueIdentifier>
      <Extensions>rc;ico;cur;bmp;dlg;rc2;rct;bin;rgs;gif;jpg;jpeg;jpe;resx;tiff;tif;png;wav;mfcribbon-ms</Extensions>
    </Filter>
    <Filter Include="Constants, Externals, etc.">
      <UniqueIdentifier>{b40ca9f8-6555-42a9-83bb-38e600fb1631}</UniqueIdentifier>
    </Filter>
    <Filter Include="Source Files">
      <UniqueIdentifier>{4FC737F1-C7A5-4376-A066-2A32D752A2FF}</UniqueIdentifier>
      <Extensions>cpp;c;cc;cxx;def;odl;idl;hpj;bat;asm;asmx</Extensions>
    </Filter>
  </ItemGroup>
  <ItemGroup>
    <Text Include="ReadMe.txt" />
  </ItemGroup>
  <ItemGroup>
    <ClInclude Include="targetver.h">
      <Filter>Header Files</Filter>
    </ClInclude>
    <ClInclude Include="Master Code.h">
      <Filter>Header Files</Filter>
    </ClInclude>
    <ClInclude Include="MasterWindow.h">
      <Filter>Header Files</Filter>
    </ClInclude>
    <ClInclude Include="Control.h">
      <Filter>Header Files</Filter>
    </ClInclude>
    <ClInclude Include="Resource.h">
      <Filter>Constants, Externals, etc.</Filter>
    </ClInclude>
    <ClInclude Include="constants.h">
      <Filter>Constants, Externals, etc.</Filter>
    </ClInclude>
    <ClInclude Include="fonts.h">
      <Filter>Constants, Externals, etc.</Filter>
    </ClInclude>
    <ClInclude Include="Script.h">
      <Filter>Header Files</Filter>
    </ClInclude>
    <ClInclude Include="cleanString.h">
      <Filter>Header Files</Filter>
    </ClInclude>
    <ClInclude Include="textPromptDialogProcedure.h">
      <Filter>Header Files</Filter>
    </ClInclude>
    <ClInclude Include="ConfigurationFileSystem.h">
      <Filter>Header Files</Filter>
    </ClInclude>
    <ClInclude Include="RunInfo.h">
      <Filter>Header Files</Filter>
    </ClInclude>
    <ClInclude Include="VariableSystem.h">
      <Filter>Header Files</Filter>
    </ClInclude>
    <ClInclude Include="myNIAWG.h">
      <Filter>Header Files</Filter>
    </ClInclude>
    <ClInclude Include="NoteSystem.h">
      <Filter>Header Files</Filter>
    </ClInclude>
    <ClInclude Include="RichEditControl.h">
      <Filter>Header Files</Filter>
    </ClInclude>
    <ClInclude Include="Repetitions.h">
      <Filter>Header Files</Filter>
    </ClInclude>
    <ClInclude Include="RhodeSchwarz.h">
      <Filter>Header Files</Filter>
    </ClInclude>
    <ClInclude Include="SocketWrapper.h">
      <Filter>Header Files</Filter>
    </ClInclude>
    <ClInclude Include="SoundControl.h">
      <Filter>Header Files</Filter>
    </ClInclude>
    <ClInclude Include="ExperimentManager.h">
      <Filter>Header Files</Filter>
    </ClInclude>
    <ClInclude Include="MasterConfiguration.h">
      <Filter>Header Files</Filter>
    </ClInclude>
    <ClInclude Include="stdafx.h">
      <Filter>Constants, Externals, etc.</Filter>
    </ClInclude>
    <ClInclude Include="Combo.h">
      <Filter>Header Files</Filter>
    </ClInclude>
    <ClInclude Include="CRichEditCtrl2.h">
      <Filter>Header Files</Filter>
    </ClInclude>
    <ClInclude Include="errBox.h">
      <Filter>Header Files</Filter>
    </ClInclude>
    <ClInclude Include="Dio64.h">
      <Filter>Header Files</Filter>
    </ClInclude>
    <ClInclude Include="explorerOpen.h">
      <Filter>Header Files</Filter>
    </ClInclude>
    <ClInclude Include="KeyHandler.h">
      <Filter>Header Files</Filter>
    </ClInclude>
    <ClInclude Include="ExperimentLogger.h">
      <Filter>Header Files</Filter>
    </ClInclude>
    <ClInclude Include="resource1.h">
      <Filter>Header Files</Filter>
    </ClInclude>
    <ClInclude Include="Debugger.h">
      <Filter>Header Files</Filter>
    </ClInclude>
    <ClInclude Include="ScriptStream.h">
      <Filter>Header Files</Filter>
    </ClInclude>
    <ClInclude Include="Agilent.h">
      <Filter>Header Files</Filter>
    </ClInclude>
    <ClInclude Include="Gpib.h">
      <Filter>Header Files</Filter>
    </ClInclude>
    <ClInclude Include="commonTypes.h">
      <Filter>Header Files</Filter>
    </ClInclude>
    <ClInclude Include="StatusControl.h">
      <Filter>Header Files</Filter>
    </ClInclude>
    <ClInclude Include="Planning.txt" />
    <ClInclude Include="DacSettingsDialog.h">
      <Filter>Header Files</Filter>
    </ClInclude>
    <ClInclude Include="DacSystem.h">
      <Filter>Header Files</Filter>
    </ClInclude>
    <ClInclude Include="TtlSystem.h">
      <Filter>Header Files</Filter>
    </ClInclude>
    <ClInclude Include="TektronicsControl.h">
      <Filter>Header Files</Filter>
    </ClInclude>
    <ClInclude Include="TtlSettingsDialog.h">
      <Filter>Header Files</Filter>
    </ClInclude>
  </ItemGroup>
  <ItemGroup>
    <ClCompile Include="Master Code.cpp">
      <Filter>Source Files</Filter>
    </ClCompile>
    <ClCompile Include="MasterWindow.cpp">
      <Filter>Source Files</Filter>
    </ClCompile>
    <ClCompile Include="stdafx.cpp">
      <Filter>Source Files</Filter>
    </ClCompile>
    <ClCompile Include="Script.cpp">
      <Filter>Source Files</Filter>
    </ClCompile>
    <ClCompile Include="cleanString.cpp">
      <Filter>Source Files</Filter>
    </ClCompile>
    <ClCompile Include="textPromptDialogProcedure.cpp">
      <Filter>Source Files</Filter>
    </ClCompile>
    <ClCompile Include="VariableSystem.cpp">
      <Filter>Source Files</Filter>
    </ClCompile>
    <ClCompile Include="ConfigurationFileSystem.cpp">
      <Filter>Source Files</Filter>
    </ClCompile>
    <ClCompile Include="myNIAWG.cpp">
      <Filter>Source Files</Filter>
    </ClCompile>
    <ClCompile Include="NoteSystem.cpp">
      <Filter>Source Files</Filter>
    </ClCompile>
    <ClCompile Include="RichEditControl.cpp">
      <Filter>Source Files</Filter>
    </ClCompile>
    <ClCompile Include="GPIB.cpp">
      <Filter>Source Files</Filter>
    </ClCompile>
    <ClCompile Include="Repetitions.cpp">
      <Filter>Source Files</Filter>
    </ClCompile>
    <ClCompile Include="RhodeSchwarz.cpp">
      <Filter>Source Files</Filter>
    </ClCompile>
    <ClCompile Include="SocketWrapper.cpp">
      <Filter>Source Files</Filter>
    </ClCompile>
    <ClCompile Include="ExperimentManager.cpp">
      <Filter>Source Files</Filter>
    </ClCompile>
    <ClCompile Include="Control.cpp">
      <Filter>Source Files</Filter>
    </ClCompile>
    <ClCompile Include="MasterConfiguration.cpp">
      <Filter>Source Files</Filter>
    </ClCompile>
    <ClCompile Include="Combo.cpp">
      <Filter>Source Files</Filter>
    </ClCompile>
    <ClCompile Include="errBox.cpp">
      <Filter>Source Files</Filter>
    </ClCompile>
    <ClCompile Include="explorerOpen.cpp">
      <Filter>Source Files</Filter>
    </ClCompile>
    <ClCompile Include="ExperimentLogger.cpp">
      <Filter>Source Files</Filter>
    </ClCompile>
    <ClCompile Include="KeyHandler.cpp">
      <Filter>Source Files</Filter>
    </ClCompile>
    <ClCompile Include="Debugger.cpp">
      <Filter>Source Files</Filter>
    </ClCompile>
    <ClCompile Include="ScriptStream.cpp">
      <Filter>Source Files</Filter>
    </ClCompile>
    <ClCompile Include="Agilent.cpp">
      <Filter>Source Files</Filter>
    </ClCompile>
    <ClCompile Include="StatusControl.cpp">
      <Filter>Source Files</Filter>
    </ClCompile>
    <ClCompile Include="DacSettingsDialog.cpp">
      <Filter>Source Files</Filter>
    </ClCompile>
    <ClCompile Include="DacSystem.cpp">
      <Filter>Source Files</Filter>
    </ClCompile>
    <ClCompile Include="TtlSystem.cpp">
      <Filter>Source Files</Filter>
    </ClCompile>
    <ClCompile Include="TektronicsControl.cpp">
      <Filter>Source Files</Filter>
    </ClCompile>
    <ClCompile Include="TtlSettingsDialog.cpp">
      <Filter>Source Files</Filter>
    </ClCompile>
  </ItemGroup>
  <ItemGroup>
    <ResourceCompile Include="Master Code.rc">
      <Filter>Resource Files</Filter>
    </ResourceCompile>
  </ItemGroup>
  <ItemGroup>
    <Image Include="small.ico">
      <Filter>Resource Files</Filter>
    </Image>
    <Image Include="Master Code.ico">
      <Filter>Resource Files</Filter>
    </Image>
    <Image Include="..\Cold Atoms Control Application\Atom.ico">
      <Filter>Resource Files</Filter>
    </Image>
    <Image Include="..\Atom.ico">
      <Filter>Resource Files</Filter>
    </Image>
  </ItemGroup>
  <ItemGroup>
    <Object Include="gpib-32.obj">
      <Filter>Source Files</Filter>
    </Object>
  </ItemGroup>
</Project>
